
Microsoft Visual Studio Solution File, Format Version 12.00
# Visual Studio Version 17
VisualStudioVersion = 17.13.35806.99 d17.13
MinimumVisualStudioVersion = 10.0.40219.1
Project("{2150E333-8FDC-42A3-9474-1A3956D46DE8}") = "31", "31", "{02EA681E-C7D8-13C7-8484-4AC65E1B71E8}"
EndProject
Project("{FAE04EC0-301F-11D3-BF4B-00C04F79EFBC}") = "TriangularInferior", "TriangularInferior\TriangularInferior.csproj", "{4C3BC7E7-9216-4E52-BB79-64C1FD8F6C2D}"
EndProject
Project("{2150E333-8FDC-42A3-9474-1A3956D46DE8}") = "34", "34", "{1ADA5D92-8325-4AD3-BCFF-6166FEB7CA9A}"
EndProject
Project("{FAE04EC0-301F-11D3-BF4B-00C04F79EFBC}") = "HourGlass", "Hourglass\HourGlass.csproj", "{3CF9DB87-A5E5-4221-A395-226FAA5C00B3}"
EndProject
Global
	GlobalSection(SolutionConfigurationPlatforms) = preSolution
		Debug|Any CPU = Debug|Any CPU
		Release|Any CPU = Release|Any CPU
	EndGlobalSection
	GlobalSection(ProjectConfigurationPlatforms) = postSolution
		{4C3BC7E7-9216-4E52-BB79-64C1FD8F6C2D}.Debug|Any CPU.ActiveCfg = Debug|Any CPU
		{4C3BC7E7-9216-4E52-BB79-64C1FD8F6C2D}.Debug|Any CPU.Build.0 = Debug|Any CPU
		{4C3BC7E7-9216-4E52-BB79-64C1FD8F6C2D}.Release|Any CPU.ActiveCfg = Release|Any CPU
		{4C3BC7E7-9216-4E52-BB79-64C1FD8F6C2D}.Release|Any CPU.Build.0 = Release|Any CPU
		{3CF9DB87-A5E5-4221-A395-226FAA5C00B3}.Debug|Any CPU.ActiveCfg = Debug|Any CPU
		{3CF9DB87-A5E5-4221-A395-226FAA5C00B3}.Debug|Any CPU.Build.0 = Debug|Any CPU
		{3CF9DB87-A5E5-4221-A395-226FAA5C00B3}.Release|Any CPU.ActiveCfg = Release|Any CPU
		{3CF9DB87-A5E5-4221-A395-226FAA5C00B3}.Release|Any CPU.Build.0 = Release|Any CPU
	EndGlobalSection
	GlobalSection(SolutionProperties) = preSolution
		HideSolutionNode = FALSE
	EndGlobalSection
	GlobalSection(NestedProjects) = preSolution
		{4C3BC7E7-9216-4E52-BB79-64C1FD8F6C2D} = {02EA681E-C7D8-13C7-8484-4AC65E1B71E8}
		{3CF9DB87-A5E5-4221-A395-226FAA5C00B3} = {1ADA5D92-8325-4AD3-BCFF-6166FEB7CA9A}
	EndGlobalSection
	GlobalSection(ExtensibilityGlobals) = postSolution
		SolutionGuid = {5978A938-9D54-4A1C-9DCB-D18E0E41E921}
	EndGlobalSection
EndGlobal
